
Microsoft Visual Studio Solution File, Format Version 12.00
# Visual Studio Version 17
VisualStudioVersion = 17.13.35818.85
MinimumVisualStudioVersion = 10.0.40219.1
Project("{FAE04EC0-301F-11D3-BF4B-00C04F79EFBC}") = "Api", "Api\Api.csproj", "{38537D27-C968-41FA-9A87-BD21E71ACE88}"
EndProject
Project("{FAE04EC0-301F-11D3-BF4B-00C04F79EFBC}") = "Modelos", "Modelos\Modelos.csproj", "{88A89B8B-E460-4793-B3C2-E97B557A4485}"
EndProject
Global
	GlobalSection(SolutionConfigurationPlatforms) = preSolution
		Debug|Any CPU = Debug|Any CPU
		Release|Any CPU = Release|Any CPU
	EndGlobalSection
	GlobalSection(ProjectConfigurationPlatforms) = postSolution
		{38537D27-C968-41FA-9A87-BD21E71ACE88}.Debug|Any CPU.ActiveCfg = Debug|Any CPU
		{38537D27-C968-41FA-9A87-BD21E71ACE88}.Debug|Any CPU.Build.0 = Debug|Any CPU
		{38537D27-C968-41FA-9A87-BD21E71ACE88}.Release|Any CPU.ActiveCfg = Release|Any CPU
		{38537D27-C968-41FA-9A87-BD21E71ACE88}.Release|Any CPU.Build.0 = Release|Any CPU
		{88A89B8B-E460-4793-B3C2-E97B557A4485}.Debug|Any CPU.ActiveCfg = Debug|Any CPU
		{88A89B8B-E460-4793-B3C2-E97B557A4485}.Debug|Any CPU.Build.0 = Debug|Any CPU
		{88A89B8B-E460-4793-B3C2-E97B557A4485}.Release|Any CPU.ActiveCfg = Release|Any CPU
		{88A89B8B-E460-4793-B3C2-E97B557A4485}.Release|Any CPU.Build.0 = Release|Any CPU
	EndGlobalSection
	GlobalSection(SolutionProperties) = preSolution
		HideSolutionNode = FALSE
	EndGlobalSection
	GlobalSection(ExtensibilityGlobals) = postSolution
		SolutionGuid = {2347E92E-E238-4E5E-980D-21704AA375FC}
	EndGlobalSection
EndGlobal
